
Microsoft Visual Studio Solution File, Format Version 12.00
# Visual Studio Version 17
VisualStudioVersion = 17.5.33424.131
MinimumVisualStudioVersion = 10.0.40219.1
Project("{FAE04EC0-301F-11D3-BF4B-00C04F79EFBC}") = "Banfsg.API", "Banfsg.API\Banfsg.API.csproj", "{2E5AD791-6190-4A45-9FC9-F93454BD21F2}"
EndProject
Project("{FAE04EC0-301F-11D3-BF4B-00C04F79EFBC}") = "Banfsg.BL", "Banfsg.BL\Banfsg.BL.csproj", "{7CD263C4-D350-4037-8A7B-A04AEB6119DD}"
EndProject
Project("{FAE04EC0-301F-11D3-BF4B-00C04F79EFBC}") = "Banfsg.DAL", "Banfsg.DAL\Banfsg.DAL.csproj", "{C8815C1A-9805-43D1-AC1B-6F19A5264EB4}"
EndProject
Global
	GlobalSection(SolutionConfigurationPlatforms) = preSolution
		Debug|Any CPU = Debug|Any CPU
		Release|Any CPU = Release|Any CPU
	EndGlobalSection
	GlobalSection(ProjectConfigurationPlatforms) = postSolution
		{2E5AD791-6190-4A45-9FC9-F93454BD21F2}.Debug|Any CPU.ActiveCfg = Debug|Any CPU
		{2E5AD791-6190-4A45-9FC9-F93454BD21F2}.Debug|Any CPU.Build.0 = Debug|Any CPU
		{2E5AD791-6190-4A45-9FC9-F93454BD21F2}.Release|Any CPU.ActiveCfg = Release|Any CPU
		{2E5AD791-6190-4A45-9FC9-F93454BD21F2}.Release|Any CPU.Build.0 = Release|Any CPU
		{7CD263C4-D350-4037-8A7B-A04AEB6119DD}.Debug|Any CPU.ActiveCfg = Debug|Any CPU
		{7CD263C4-D350-4037-8A7B-A04AEB6119DD}.Debug|Any CPU.Build.0 = Debug|Any CPU
		{7CD263C4-D350-4037-8A7B-A04AEB6119DD}.Release|Any CPU.ActiveCfg = Release|Any CPU
		{7CD263C4-D350-4037-8A7B-A04AEB6119DD}.Release|Any CPU.Build.0 = Release|Any CPU
		{C8815C1A-9805-43D1-AC1B-6F19A5264EB4}.Debug|Any CPU.ActiveCfg = Debug|Any CPU
		{C8815C1A-9805-43D1-AC1B-6F19A5264EB4}.Debug|Any CPU.Build.0 = Debug|Any CPU
		{C8815C1A-9805-43D1-AC1B-6F19A5264EB4}.Release|Any CPU.ActiveCfg = Release|Any CPU
		{C8815C1A-9805-43D1-AC1B-6F19A5264EB4}.Release|Any CPU.Build.0 = Release|Any CPU
	EndGlobalSection
	GlobalSection(SolutionProperties) = preSolution
		HideSolutionNode = FALSE
	EndGlobalSection
	GlobalSection(ExtensibilityGlobals) = postSolution
		SolutionGuid = {0244C662-6D3C-45AF-95DF-488A33DAD1FB}
	EndGlobalSection
EndGlobal
